
Microsoft Visual Studio Solution File, Format Version 12.00
# Visual Studio Version 16
VisualStudioVersion = 16.0.29102.190
MinimumVisualStudioVersion = 10.0.40219.1
Project("{FAE04EC0-301F-11D3-BF4B-00C04F79EFBC}") = "ConsoleApp1", "ConsoleApp1\ConsoleApp1.csproj", "{8C089E33-E089-48B5-81B6-F1FD9B0E75A8}"
EndProject
Global
	GlobalSection(SolutionConfigurationPlatforms) = preSolution
		Debug|Any CPU = Debug|Any CPU
		Release|Any CPU = Release|Any CPU
	EndGlobalSection
	GlobalSection(ProjectConfigurationPlatforms) = postSolution
		{8C089E33-E089-48B5-81B6-F1FD9B0E75A8}.Debug|Any CPU.ActiveCfg = Debug|Any CPU
		{8C089E33-E089-48B5-81B6-F1FD9B0E75A8}.Debug|Any CPU.Build.0 = Debug|Any CPU
		{8C089E33-E089-48B5-81B6-F1FD9B0E75A8}.Release|Any CPU.ActiveCfg = Release|Any CPU
		{8C089E33-E089-48B5-81B6-F1FD9B0E75A8}.Release|Any CPU.Build.0 = Release|Any CPU
	EndGlobalSection
	GlobalSection(SolutionProperties) = preSolution
		HideSolutionNode = FALSE
	EndGlobalSection
	GlobalSection(ExtensibilityGlobals) = postSolution
		SolutionGuid = {4951F772-7FDA-4224-B88E-30E1D4BDA365}
	EndGlobalSection
EndGlobal
